
Microsoft Visual Studio Solution File, Format Version 12.00
# Visual Studio 15
VisualStudioVersion = 15.0.28010.2016
MinimumVisualStudioVersion = 10.0.40219.1
Project("{FAE04EC0-301F-11D3-BF4B-00C04F79EFBC}") = "ConsoleApp2", "ConsoleApp2\ConsoleApp2.csproj", "{52BF8024-11E2-404F-8D28-669531DFD216}"
EndProject
Global
	GlobalSection(SolutionConfigurationPlatforms) = preSolution
		Debug|Any CPU = Debug|Any CPU
		Release|Any CPU = Release|Any CPU
	EndGlobalSection
	GlobalSection(ProjectConfigurationPlatforms) = postSolution
		{52BF8024-11E2-404F-8D28-669531DFD216}.Debug|Any CPU.ActiveCfg = Debug|Any CPU
		{52BF8024-11E2-404F-8D28-669531DFD216}.Debug|Any CPU.Build.0 = Debug|Any CPU
		{52BF8024-11E2-404F-8D28-669531DFD216}.Release|Any CPU.ActiveCfg = Release|Any CPU
		{52BF8024-11E2-404F-8D28-669531DFD216}.Release|Any CPU.Build.0 = Release|Any CPU
	EndGlobalSection
	GlobalSection(SolutionProperties) = preSolution
		HideSolutionNode = FALSE
	EndGlobalSection
	GlobalSection(ExtensibilityGlobals) = postSolution
		SolutionGuid = {0F380150-AEA5-46A8-8226-3E698CD9DF8A}
	EndGlobalSection
EndGlobal
